
Microsoft Visual Studio Solution File, Format Version 12.00
# Visual Studio Version 17
VisualStudioVersion = 17.7.34221.43
MinimumVisualStudioVersion = 10.0.40219.1
Project("{FAE04EC0-301F-11D3-BF4B-00C04F79EFBC}") = "MilkyWeb", "MilkyWeb\MilkyWeb.csproj", "{7F55213A-7E80-40C0-B25A-F3C22E5AA2ED}"
EndProject
Global
	GlobalSection(SolutionConfigurationPlatforms) = preSolution
		Debug|Any CPU = Debug|Any CPU
		Release|Any CPU = Release|Any CPU
	EndGlobalSection
	GlobalSection(ProjectConfigurationPlatforms) = postSolution
		{7F55213A-7E80-40C0-B25A-F3C22E5AA2ED}.Debug|Any CPU.ActiveCfg = Debug|Any CPU
		{7F55213A-7E80-40C0-B25A-F3C22E5AA2ED}.Debug|Any CPU.Build.0 = Debug|Any CPU
		{7F55213A-7E80-40C0-B25A-F3C22E5AA2ED}.Release|Any CPU.ActiveCfg = Release|Any CPU
		{7F55213A-7E80-40C0-B25A-F3C22E5AA2ED}.Release|Any CPU.Build.0 = Release|Any CPU
	EndGlobalSection
	GlobalSection(SolutionProperties) = preSolution
		HideSolutionNode = FALSE
	EndGlobalSection
	GlobalSection(ExtensibilityGlobals) = postSolution
		SolutionGuid = {F5614983-D3B4-4D42-B423-58735ED9292D}
	EndGlobalSection
EndGlobal
